// !$*UTF8*$!
{
	archiveVersion = 1;
	classes = {
	};
	objectVersion = 56;
	objects = {

/* Begin PBXBuildFile section */
		A10000000000000000000001 /* AppDelegate.swift in Sources */ = {isa = PBXBuildFile; fileRef = A20000000000000000000001 /* AppDelegate.swift */; };
		A10000000000000000000002 /* DisplayAnchorController.swift in Sources */ = {isa = PBXBuildFile; fileRef = A20000000000000000000002 /* DisplayAnchorController.swift */; };
		A10000000000000000000003 /* SystemState.swift in Sources */ = {isa = PBXBuildFile; fileRef = A20000000000000000000003 /* SystemState.swift */; };
		A10000000000000000000004 /* main.swift in Sources */ = {isa = PBXBuildFile; fileRef = A20000000000000000000004 /* main.swift */; };
		A10000000000000000000005 /* DisplayAnchorCore.swift in Sources */ = {isa = PBXBuildFile; fileRef = A20000000000000000000005 /* DisplayAnchorCore.swift */; };
		A10000000000000000000006 /* DiagnosticsLog.swift in Sources */ = {isa = PBXBuildFile; fileRef = A20000000000000000000007 /* DiagnosticsLog.swift */; };
		A10000000000000000000007 /* LaunchAtLogin.swift in Sources */ = {isa = PBXBuildFile; fileRef = A20000000000000000000008 /* LaunchAtLogin.swift */; };
		A10000000000000000000008 /* AnchorAsset.swift in Sources */ = {isa = PBXBuildFile; fileRef = A20000000000000000000009 /* AnchorAsset.swift */; };
/* End PBXBuildFile section */

/* Begin PBXFileReference section */
		A20000000000000000000001 /* AppDelegate.swift */ = {isa = PBXFileReference; lastKnownFileType = sourcecode.swift; path = AppDelegate.swift; sourceTree = "<group>"; };
		A20000000000000000000002 /* DisplayAnchorController.swift */ = {isa = PBXFileReference; lastKnownFileType = sourcecode.swift; path = DisplayAnchorController.swift; sourceTree = "<group>"; };
		A20000000000000000000003 /* SystemState.swift */ = {isa = PBXFileReference; lastKnownFileType = sourcecode.swift; path = SystemState.swift; sourceTree = "<group>"; };
		A20000000000000000000004 /* main.swift */ = {isa = PBXFileReference; lastKnownFileType = sourcecode.swift; path = main.swift; sourceTree = "<group>"; };
		A20000000000000000000005 /* DisplayAnchorCore.swift */ = {isa = PBXFileReference; lastKnownFileType = sourcecode.swift; path = DisplayAnchorCore.swift; sourceTree = "<group>"; };
		A20000000000000000000006 /* Display Anchor.app */ = {isa = PBXFileReference; explicitFileType = wrapper.application; includeInIndex = 0; path = "Display Anchor.app"; sourceTree = BUILT_PRODUCTS_DIR; };
		A20000000000000000000007 /* DiagnosticsLog.swift */ = {isa = PBXFileReference; lastKnownFileType = sourcecode.swift; path = DiagnosticsLog.swift; sourceTree = "<group>"; };
		A20000000000000000000008 /* LaunchAtLogin.swift */ = {isa = PBXFileReference; lastKnownFileType = sourcecode.swift; path = LaunchAtLogin.swift; sourceTree = "<group>"; };
		A20000000000000000000009 /* AnchorAsset.swift */ = {isa = PBXFileReference; lastKnownFileType = sourcecode.swift; path = AnchorAsset.swift; sourceTree = "<group>"; };
/* End PBXFileReference section */

/* Begin PBXFrameworksBuildPhase section */
		A30000000000000000000001 /* Frameworks */ = {
			isa = PBXFrameworksBuildPhase;
			buildActionMask = 2147483647;
			files = (
			);
			runOnlyForDeploymentPostprocessing = 0;
		};
/* End PBXFrameworksBuildPhase section */

/* Begin PBXGroup section */
		A40000000000000000000001 = {
			isa = PBXGroup;
			children = (
				A40000000000000000000002 /* Sources */,
				A40000000000000000000003 /* Products */,
			);
			sourceTree = "<group>";
		};
		A40000000000000000000002 /* Sources */ = {
			isa = PBXGroup;
			children = (
				A40000000000000000000004 /* DisplayAnchor */,
				A40000000000000000000005 /* DisplayAnchorCore */,
			);
			path = Sources;
			sourceTree = "<group>";
		};
		A40000000000000000000003 /* Products */ = {
			isa = PBXGroup;
			children = (
				A20000000000000000000006 /* Display Anchor.app */,
			);
			name = Products;
			sourceTree = "<group>";
		};
		A40000000000000000000004 /* DisplayAnchor */ = {
			isa = PBXGroup;
			children = (
				A20000000000000000000001 /* AppDelegate.swift */,
				A20000000000000000000009 /* AnchorAsset.swift */,
				A20000000000000000000002 /* DisplayAnchorController.swift */,
				A20000000000000000000007 /* DiagnosticsLog.swift */,
				A20000000000000000000008 /* LaunchAtLogin.swift */,
				A20000000000000000000003 /* SystemState.swift */,
				A20000000000000000000004 /* main.swift */,
			);
			path = DisplayAnchor;
			sourceTree = "<group>";
		};
		A40000000000000000000005 /* DisplayAnchorCore */ = {
			isa = PBXGroup;
			children = (
				A20000000000000000000005 /* DisplayAnchorCore.swift */,
			);
			path = DisplayAnchorCore;
			sourceTree = "<group>";
		};
/* End PBXGroup section */

/* Begin PBXNativeTarget section */
		A50000000000000000000001 /* DisplayAnchor */ = {
			isa = PBXNativeTarget;
			buildConfigurationList = A70000000000000000000002 /* Build configuration list for PBXNativeTarget "DisplayAnchor" */;
			buildPhases = (
				A30000000000000000000002 /* Sources */,
				A30000000000000000000001 /* Frameworks */,
				A30000000000000000000003 /* Resources */,
			);
			buildRules = (
			);
			dependencies = (
			);
			name = DisplayAnchor;
			productName = "Display Anchor";
			productReference = A20000000000000000000006 /* Display Anchor.app */;
			productType = "com.apple.product-type.application";
		};
/* End PBXNativeTarget section */

/* Begin PBXProject section */
		A60000000000000000000001 /* Project object */ = {
			isa = PBXProject;
			attributes = {
				BuildIndependentTargetsInParallel = 1;
				LastSwiftUpdateCheck = 1600;
				LastUpgradeCheck = 1600;
				TargetAttributes = {
					A50000000000000000000001 = {
						CreatedOnToolsVersion = 16.0;
						DevelopmentTeam = M2ABUL7722;
						ProvisioningStyle = Manual;
					};
				};
			};
			buildConfigurationList = A70000000000000000000001 /* Build configuration list for PBXProject "DisplayAnchor" */;
			compatibilityVersion = "Xcode 15.0";
			developmentRegion = en;
			hasScannedForEncodings = 0;
			knownRegions = (
				en,
				Base,
			);
			mainGroup = A40000000000000000000001;
			productRefGroup = A40000000000000000000003 /* Products */;
			projectDirPath = "";
			projectRoot = "";
			targets = (
				A50000000000000000000001 /* DisplayAnchor */,
			);
		};
/* End PBXProject section */

/* Begin PBXResourcesBuildPhase section */
		A30000000000000000000003 /* Resources */ = {
			isa = PBXResourcesBuildPhase;
			buildActionMask = 2147483647;
			files = (
			);
			runOnlyForDeploymentPostprocessing = 0;
		};
/* End PBXResourcesBuildPhase section */

/* Begin PBXSourcesBuildPhase section */
		A30000000000000000000002 /* Sources */ = {
			isa = PBXSourcesBuildPhase;
			buildActionMask = 2147483647;
			files = (
				A10000000000000000000001 /* AppDelegate.swift in Sources */,
				A10000000000000000000008 /* AnchorAsset.swift in Sources */,
				A10000000000000000000002 /* DisplayAnchorController.swift in Sources */,
				A10000000000000000000006 /* DiagnosticsLog.swift in Sources */,
				A10000000000000000000007 /* LaunchAtLogin.swift in Sources */,
				A10000000000000000000003 /* SystemState.swift in Sources */,
				A10000000000000000000004 /* main.swift in Sources */,
				A10000000000000000000005 /* DisplayAnchorCore.swift in Sources */,
			);
			runOnlyForDeploymentPostprocessing = 0;
		};
/* End PBXSourcesBuildPhase section */

/* Begin XCBuildConfiguration section */
		A80000000000000000000001 /* Debug */ = {
			isa = XCBuildConfiguration;
			buildSettings = {
				ALWAYS_SEARCH_USER_PATHS = NO;
				CLANG_ENABLE_MODULES = YES;
				CLANG_ENABLE_OBJC_ARC = YES;
				CLANG_WARN_QUOTED_INCLUDE_IN_FRAMEWORK_HEADER = YES;
				GCC_C_LANGUAGE_STANDARD = gnu17;
				MACOSX_DEPLOYMENT_TARGET = 12.0;
				SDKROOT = macosx;
				SWIFT_VERSION = 6.0;
			};
			name = Debug;
		};
		A80000000000000000000002 /* Release */ = {
			isa = XCBuildConfiguration;
			buildSettings = {
				ALWAYS_SEARCH_USER_PATHS = NO;
				CLANG_ENABLE_MODULES = YES;
				CLANG_ENABLE_OBJC_ARC = YES;
				CLANG_WARN_QUOTED_INCLUDE_IN_FRAMEWORK_HEADER = YES;
				GCC_C_LANGUAGE_STANDARD = gnu17;
				MACOSX_DEPLOYMENT_TARGET = 12.0;
				SDKROOT = macosx;
				SWIFT_VERSION = 6.0;
			};
			name = Release;
		};
		A80000000000000000000003 /* Debug */ = {
			isa = XCBuildConfiguration;
			buildSettings = {
				CODE_SIGN_IDENTITY = "Developer ID Application: Jeffrey Schumann (M2ABUL7722)";
				CODE_SIGN_STYLE = Manual;
				CURRENT_PROJECT_VERSION = 1;
				DEVELOPMENT_TEAM = M2ABUL7722;
				ENABLE_HARDENED_RUNTIME = NO;
				EXECUTABLE_NAME = DisplayAnchor;
				GENERATE_INFOPLIST_FILE = YES;
				INFOPLIST_KEY_CFBundleDisplayName = "Display Anchor";
				INFOPLIST_KEY_CFBundleName = "Display Anchor";
				INFOPLIST_KEY_LSUIElement = YES;
				INFOPLIST_KEY_NSHumanReadableCopyright = "Copyright © 2026 Jeffrey Schumann.";
				LD_RUNPATH_SEARCH_PATHS = (
					"$(inherited)",
					"@executable_path/../Frameworks",
				);
				MACOSX_DEPLOYMENT_TARGET = 12.0;
				MARKETING_VERSION = 1.0;
				PRODUCT_BUNDLE_IDENTIFIER = com.jeff.DisplayAnchor;
				PRODUCT_NAME = "Display Anchor";
				SDKROOT = macosx;
				SWIFT_EMIT_LOC_STRINGS = NO;
				SWIFT_VERSION = 6.0;
			};
			name = Debug;
		};
		A80000000000000000000004 /* Release */ = {
			isa = XCBuildConfiguration;
			buildSettings = {
				CODE_SIGN_IDENTITY = "Developer ID Application: Jeffrey Schumann (M2ABUL7722)";
				CODE_SIGN_STYLE = Manual;
				CURRENT_PROJECT_VERSION = 1;
				DEVELOPMENT_TEAM = M2ABUL7722;
				ENABLE_HARDENED_RUNTIME = NO;
				EXECUTABLE_NAME = DisplayAnchor;
				GENERATE_INFOPLIST_FILE = YES;
				INFOPLIST_KEY_CFBundleDisplayName = "Display Anchor";
				INFOPLIST_KEY_CFBundleName = "Display Anchor";
				INFOPLIST_KEY_LSUIElement = YES;
				INFOPLIST_KEY_NSHumanReadableCopyright = "Copyright © 2026 Jeffrey Schumann.";
				LD_RUNPATH_SEARCH_PATHS = (
					"$(inherited)",
					"@executable_path/../Frameworks",
				);
				MACOSX_DEPLOYMENT_TARGET = 12.0;
				MARKETING_VERSION = 1.0;
				PRODUCT_BUNDLE_IDENTIFIER = com.jeff.DisplayAnchor;
				PRODUCT_NAME = "Display Anchor";
				SDKROOT = macosx;
				SWIFT_EMIT_LOC_STRINGS = NO;
				SWIFT_VERSION = 6.0;
			};
			name = Release;
		};
/* End XCBuildConfiguration section */

/* Begin XCConfigurationList section */
		A70000000000000000000001 /* Build configuration list for PBXProject "DisplayAnchor" */ = {
			isa = XCConfigurationList;
			buildConfigurations = (
				A80000000000000000000001 /* Debug */,
				A80000000000000000000002 /* Release */,
			);
			defaultConfigurationIsVisible = 0;
			defaultConfigurationName = Release;
		};
		A70000000000000000000002 /* Build configuration list for PBXNativeTarget "DisplayAnchor" */ = {
			isa = XCConfigurationList;
			buildConfigurations = (
				A80000000000000000000003 /* Debug */,
				A80000000000000000000004 /* Release */,
			);
			defaultConfigurationIsVisible = 0;
			defaultConfigurationName = Release;
		};
/* End XCConfigurationList section */
	};
	rootObject = A60000000000000000000001 /* Project object */;
}
